
Microsoft Visual Studio Solution File, Format Version 12.00
# Visual Studio Version 17
VisualStudioVersion = 17.5.33516.290
MinimumVisualStudioVersion = 10.0.40219.1
Project("{9A19103F-16F7-4668-BE54-9A1E7A4F7556}") = "CustomerBackend", "IoTWebApp\CustomerBackend.csproj", "{FAC3D143-4E2C-4156-AC4C-18950D9A030C}"
EndProject
Global
	GlobalSection(SolutionConfigurationPlatforms) = preSolution
		Debug|Any CPU = Debug|Any CPU
		Release|Any CPU = Release|Any CPU
	EndGlobalSection
	GlobalSection(ProjectConfigurationPlatforms) = postSolution
		{FAC3D143-4E2C-4156-AC4C-18950D9A030C}.Debug|Any CPU.ActiveCfg = Debug|Any CPU
		{FAC3D143-4E2C-4156-AC4C-18950D9A030C}.Debug|Any CPU.Build.0 = Debug|Any CPU
		{FAC3D143-4E2C-4156-AC4C-18950D9A030C}.Release|Any CPU.ActiveCfg = Release|Any CPU
		{FAC3D143-4E2C-4156-AC4C-18950D9A030C}.Release|Any CPU.Build.0 = Release|Any CPU
	EndGlobalSection
	GlobalSection(SolutionProperties) = preSolution
		HideSolutionNode = FALSE
	EndGlobalSection
	GlobalSection(ExtensibilityGlobals) = postSolution
		SolutionGuid = {6BBCBFE4-2559-4201-B03D-9E3CC5C290C2}
	EndGlobalSection
EndGlobal
